
Microsoft Visual Studio Solution File, Format Version 12.00
# Visual Studio 15
VisualStudioVersion = 15.0.27428.2027
MinimumVisualStudioVersion = 10.0.40219.1
Project("{FAE04EC0-301F-11D3-BF4B-00C04F79EFBC}") = "Task2", "Task2\Task2.csproj", "{67673211-D892-4322-A50A-0421EC385C98}"
EndProject
Project("{FAE04EC0-301F-11D3-BF4B-00C04F79EFBC}") = "ReceiveTask", "ReceiveTask\ReceiveTask.csproj", "{5F20477B-4F26-4698-BCDA-5E6E7E7E1AFC}"
EndProject
Global
	GlobalSection(SolutionConfigurationPlatforms) = preSolution
		Debug|Any CPU = Debug|Any CPU
		Release|Any CPU = Release|Any CPU
	EndGlobalSection
	GlobalSection(ProjectConfigurationPlatforms) = postSolution
		{67673211-D892-4322-A50A-0421EC385C98}.Debug|Any CPU.ActiveCfg = Debug|Any CPU
		{67673211-D892-4322-A50A-0421EC385C98}.Debug|Any CPU.Build.0 = Debug|Any CPU
		{67673211-D892-4322-A50A-0421EC385C98}.Release|Any CPU.ActiveCfg = Release|Any CPU
		{67673211-D892-4322-A50A-0421EC385C98}.Release|Any CPU.Build.0 = Release|Any CPU
		{5F20477B-4F26-4698-BCDA-5E6E7E7E1AFC}.Debug|Any CPU.ActiveCfg = Debug|Any CPU
		{5F20477B-4F26-4698-BCDA-5E6E7E7E1AFC}.Debug|Any CPU.Build.0 = Debug|Any CPU
		{5F20477B-4F26-4698-BCDA-5E6E7E7E1AFC}.Release|Any CPU.ActiveCfg = Release|Any CPU
		{5F20477B-4F26-4698-BCDA-5E6E7E7E1AFC}.Release|Any CPU.Build.0 = Release|Any CPU
	EndGlobalSection
	GlobalSection(SolutionProperties) = preSolution
		HideSolutionNode = FALSE
	EndGlobalSection
	GlobalSection(ExtensibilityGlobals) = postSolution
		SolutionGuid = {FEB56A21-8928-48E3-892F-FDBFE0BBE51C}
	EndGlobalSection
EndGlobal
