
Microsoft Visual Studio Solution File, Format Version 12.00
# Visual Studio 15
VisualStudioVersion = 15.0.26228.4
MinimumVisualStudioVersion = 10.0.40219.1
Project("{FAE04EC0-301F-11D3-BF4B-00C04F79EFBC}") = "UI", "DataMigration\UI.csproj", "{1F1AA791-94A6-40CF-92D2-92769C38BF8C}"
EndProject
Project("{FAE04EC0-301F-11D3-BF4B-00C04F79EFBC}") = "DBUtility", "DBUtility\DBUtility.csproj", "{99780358-DA73-4698-B3C7-5A0130D3125B}"
EndProject
Project("{FAE04EC0-301F-11D3-BF4B-00C04F79EFBC}") = "Common", "Common\Common.csproj", "{EB26B8E4-68BC-4B11-9E61-77B79B7F49BD}"
EndProject
Project("{FAE04EC0-301F-11D3-BF4B-00C04F79EFBC}") = "MQHelper", "MQHelper\MQHelper.csproj", "{45A46DEA-A20A-44DF-A507-4356E22ED26A}"
EndProject
Project("{FAE04EC0-301F-11D3-BF4B-00C04F79EFBC}") = "IDAL", "IDAL\IDAL.csproj", "{324913D0-A723-489F-A780-46BF02C1A94C}"
EndProject
Project("{FAE04EC0-301F-11D3-BF4B-00C04F79EFBC}") = "SqlServerDAL", "SqlServerDAL\SqlServerDAL.csproj", "{E329DEA9-BE3A-455B-9CD8-7BDC48BDD648}"
EndProject
Project("{FAE04EC0-301F-11D3-BF4B-00C04F79EFBC}") = "Service", "Service\Service.csproj", "{917A2DDA-0937-40F4-8593-328228A151BC}"
EndProject
Global
	GlobalSection(SolutionConfigurationPlatforms) = preSolution
		Debug|Any CPU = Debug|Any CPU
		Release|Any CPU = Release|Any CPU
	EndGlobalSection
	GlobalSection(ProjectConfigurationPlatforms) = postSolution
		{1F1AA791-94A6-40CF-92D2-92769C38BF8C}.Debug|Any CPU.ActiveCfg = Debug|Any CPU
		{1F1AA791-94A6-40CF-92D2-92769C38BF8C}.Debug|Any CPU.Build.0 = Debug|Any CPU
		{1F1AA791-94A6-40CF-92D2-92769C38BF8C}.Release|Any CPU.ActiveCfg = Release|Any CPU
		{1F1AA791-94A6-40CF-92D2-92769C38BF8C}.Release|Any CPU.Build.0 = Release|Any CPU
		{99780358-DA73-4698-B3C7-5A0130D3125B}.Debug|Any CPU.ActiveCfg = Debug|Any CPU
		{99780358-DA73-4698-B3C7-5A0130D3125B}.Debug|Any CPU.Build.0 = Debug|Any CPU
		{99780358-DA73-4698-B3C7-5A0130D3125B}.Release|Any CPU.ActiveCfg = Release|Any CPU
		{99780358-DA73-4698-B3C7-5A0130D3125B}.Release|Any CPU.Build.0 = Release|Any CPU
		{EB26B8E4-68BC-4B11-9E61-77B79B7F49BD}.Debug|Any CPU.ActiveCfg = Debug|Any CPU
		{EB26B8E4-68BC-4B11-9E61-77B79B7F49BD}.Debug|Any CPU.Build.0 = Debug|Any CPU
		{EB26B8E4-68BC-4B11-9E61-77B79B7F49BD}.Release|Any CPU.ActiveCfg = Release|Any CPU
		{EB26B8E4-68BC-4B11-9E61-77B79B7F49BD}.Release|Any CPU.Build.0 = Release|Any CPU
		{45A46DEA-A20A-44DF-A507-4356E22ED26A}.Debug|Any CPU.ActiveCfg = Debug|Any CPU
		{45A46DEA-A20A-44DF-A507-4356E22ED26A}.Debug|Any CPU.Build.0 = Debug|Any CPU
		{45A46DEA-A20A-44DF-A507-4356E22ED26A}.Release|Any CPU.ActiveCfg = Release|Any CPU
		{45A46DEA-A20A-44DF-A507-4356E22ED26A}.Release|Any CPU.Build.0 = Release|Any CPU
		{324913D0-A723-489F-A780-46BF02C1A94C}.Debug|Any CPU.ActiveCfg = Debug|Any CPU
		{324913D0-A723-489F-A780-46BF02C1A94C}.Debug|Any CPU.Build.0 = Debug|Any CPU
		{324913D0-A723-489F-A780-46BF02C1A94C}.Release|Any CPU.ActiveCfg = Release|Any CPU
		{324913D0-A723-489F-A780-46BF02C1A94C}.Release|Any CPU.Build.0 = Release|Any CPU
		{E329DEA9-BE3A-455B-9CD8-7BDC48BDD648}.Debug|Any CPU.ActiveCfg = Debug|Any CPU
		{E329DEA9-BE3A-455B-9CD8-7BDC48BDD648}.Debug|Any CPU.Build.0 = Debug|Any CPU
		{E329DEA9-BE3A-455B-9CD8-7BDC48BDD648}.Release|Any CPU.ActiveCfg = Release|Any CPU
		{E329DEA9-BE3A-455B-9CD8-7BDC48BDD648}.Release|Any CPU.Build.0 = Release|Any CPU
		{917A2DDA-0937-40F4-8593-328228A151BC}.Debug|Any CPU.ActiveCfg = Debug|Any CPU
		{917A2DDA-0937-40F4-8593-328228A151BC}.Debug|Any CPU.Build.0 = Debug|Any CPU
		{917A2DDA-0937-40F4-8593-328228A151BC}.Release|Any CPU.ActiveCfg = Release|Any CPU
		{917A2DDA-0937-40F4-8593-328228A151BC}.Release|Any CPU.Build.0 = Release|Any CPU
	EndGlobalSection
	GlobalSection(SolutionProperties) = preSolution
		HideSolutionNode = FALSE
	EndGlobalSection
EndGlobal
